<?xml version="1.0" encoding="utf-8"?>
<Project ToolsVersion="4.0" xmlns="http://schemas.microsoft.com/developer/msbuild/2003">
  <ItemGroup>
    <Filter Include="Source Files">
      <UniqueIdentifier>{4FC737F1-C7A5-4376-A066-2A32D752A2FF}</UniqueIdentifier>
      <Extensions>cpp;c;cc;cxx;def;odl;idl;hpj;bat;asm;asmx</Extensions>
    </Filter>
    <Filter Include="Header Files">
      <UniqueIdentifier>{93995380-89BD-4b04-88EB-625FBE52EBFB}</UniqueIdentifier>
      <Extensions>h;hh;hpp;hxx;hm;inl;inc;ipp;xsd</Extensions>
    </Filter>
    <Filter Include="Resource Files">
      <UniqueIdentifier>{67DA6AB6-F800-4c08-8B7A-83BB121AAD01}</UniqueIdentifier>
      <Extensions>rc;ico;cur;bmp;dlg;rc2;rct;bin;rgs;gif;jpg;jpeg;jpe;resx;tiff;tif;png;wav;mfcribbon-ms</Extensions>
    </Filter>
    <Filter Include="NMCO">
      <UniqueIdentifier>{aa222304-1d82-4453-8035-be15b7ce7467}</UniqueIdentifier>
    </Filter>
    <Filter Include="Proxy">
      <UniqueIdentifier>{3fb6145d-5304-4389-b20b-41d2f2f8eb48}</UniqueIdentifier>
    </Filter>
  </ItemGroup>
  <ItemGroup>
    <ClCompile Include="DllMain.cpp">
      <Filter>Source Files</Filter>
    </ClCompile>
    <ClCompile Include="Funcs.cpp">
      <Filter>Source Files</Filter>
    </ClCompile>
    <ClCompile Include="MapleHook.cpp">
      <Filter>Source Files</Filter>
    </ClCompile>
    <ClCompile Include="Proxy\ijl15.cpp">
      <Filter>Proxy</Filter>
    </ClCompile>
    <ClCompile Include="WinHook.cpp">
      <Filter>Source Files</Filter>
    </ClCompile>
    <ClCompile Include="NMCO\NMDataObject.cpp">
      <Filter>Source Files</Filter>
    </ClCompile>
    <ClCompile Include="NMCO\NMFunctionObject.cpp">
      <Filter>Source Files</Filter>
    </ClCompile>
    <ClCompile Include="NMCO\NMSerializable.cpp">
      <Filter>Source Files</Filter>
    </ClCompile>
    <ClCompile Include="shavitstuff\res.cpp">
      <Filter>Source Files</Filter>
    </ClCompile>
    <ClCompile Include="shavitstuff\BossHP.cpp">
      <Filter>Source Files</Filter>
    </ClCompile>
    <ClCompile Include="SkillEdits\Activeskill.cpp">
      <Filter>Source Files</Filter>
    </ClCompile>
    <ClCompile Include="Discord\achievement_manager.cpp">
      <Filter>Source Files</Filter>
    </ClCompile>
    <ClCompile Include="Discord\activity_manager.cpp">
      <Filter>Source Files</Filter>
    </ClCompile>
    <ClCompile Include="Discord\application_manager.cpp">
      <Filter>Source Files</Filter>
    </ClCompile>
    <ClCompile Include="Discord\core.cpp">
      <Filter>Source Files</Filter>
    </ClCompile>
    <ClCompile Include="Discord\image_manager.cpp">
      <Filter>Source Files</Filter>
    </ClCompile>
    <ClCompile Include="Discord\lobby_manager.cpp">
      <Filter>Source Files</Filter>
    </ClCompile>
    <ClCompile Include="Discord\network_manager.cpp">
      <Filter>Source Files</Filter>
    </ClCompile>
    <ClCompile Include="Discord\overlay_manager.cpp">
      <Filter>Source Files</Filter>
    </ClCompile>
    <ClCompile Include="Discord\relationship_manager.cpp">
      <Filter>Source Files</Filter>
    </ClCompile>
    <ClCompile Include="Discord\storage_manager.cpp">
      <Filter>Source Files</Filter>
    </ClCompile>
    <ClCompile Include="Discord\store_manager.cpp">
      <Filter>Source Files</Filter>
    </ClCompile>
    <ClCompile Include="Discord\types.cpp">
      <Filter>Source Files</Filter>
    </ClCompile>
    <ClCompile Include="Discord\user_manager.cpp">
      <Filter>Source Files</Filter>
    </ClCompile>
    <ClCompile Include="Discord\voice_manager.cpp">
      <Filter>Source Files</Filter>
    </ClCompile>
    <ClCompile Include="discord_worker.cpp">
      <Filter>Source Files</Filter>
    </ClCompile>
    <ClCompile Include="MapleClientCollectionTypes\ZAllocEx.cpp">
      <Filter>Source Files</Filter>
    </ClCompile>
    <ClCompile Include="API\MapleStory\Type\SKILLENTRY.cpp">
      <Filter>Source Files</Filter>
    </ClCompile>
    <ClCompile Include="API\MapleStory\Type\ZXString.cpp">
      <Filter>Source Files</Filter>
    </ClCompile>
    <ClCompile Include="shavitstuff\user.cpp">
      <Filter>Source Files</Filter>
    </ClCompile>
  </ItemGroup>
  <ItemGroup>
    <ClInclude Include="detours.h">
      <Filter>Header Files</Filter>
    </ClInclude>
    <ClInclude Include="Global.h">
      <Filter>Header Files</Filter>
    </ClInclude>
    <ClInclude Include="Proxy\ijl15.h">
      <Filter>Proxy</Filter>
    </ClInclude>
    <ClInclude Include="Config.h">
      <Filter>Header Files</Filter>
    </ClInclude>
    <ClInclude Include="Funcs.h">
      <Filter>Header Files</Filter>
    </ClInclude>
    <ClInclude Include="API\MapleStory\Static.h">
      <Filter>Header Files</Filter>
    </ClInclude>
    <ClInclude Include="Template\Singleton.h">
      <Filter>Header Files</Filter>
    </ClInclude>
    <ClInclude Include="shavitstuff\IWzResMan.h">
      <Filter>Header Files</Filter>
    </ClInclude>
    <ClInclude Include="SkillEdits\asmStoof.h">
      <Filter>Header Files</Filter>
    </ClInclude>
    <ClInclude Include="API\YeehawHooks.h">
      <Filter>Header Files</Filter>
    </ClInclude>
    <ClInclude Include="SkillEdits\conditions.h">
      <Filter>Header Files</Filter>
    </ClInclude>
    <ClInclude Include="SkillEdits\anticheat.h">
      <Filter>Header Files</Filter>
    </ClInclude>
    <ClInclude Include="NMCO\NMDataObject.h">
      <Filter>Header Files</Filter>
    </ClInclude>
    <ClInclude Include="NMCO\NMFunctionObject.h">
      <Filter>Header Files</Filter>
    </ClInclude>
    <ClInclude Include="NMCO\NMGeneral.h">
      <Filter>Header Files</Filter>
    </ClInclude>
    <ClInclude Include="NMCO\NMSerializable.h">
      <Filter>Header Files</Filter>
    </ClInclude>
    <ClInclude Include="HackStuff\haxAddresses.h">
      <Filter>Header Files</Filter>
    </ClInclude>
    <ClInclude Include="HackStuff\structs.h">
      <Filter>Header Files</Filter>
    </ClInclude>
    <ClInclude Include="HackStuff\Packet.h">
      <Filter>Header Files</Filter>
    </ClInclude>
    <ClInclude Include="HackStuff\asm.h">
      <Filter>Header Files</Filter>
    </ClInclude>
    <ClInclude Include="shavitstuff\aquila.h">
      <Filter>Header Files</Filter>
    </ClInclude>
    <ClInclude Include="fmt\args.h">
      <Filter>Header Files</Filter>
    </ClInclude>
    <ClInclude Include="fmt\chrono.h">
      <Filter>Header Files</Filter>
    </ClInclude>
    <ClInclude Include="fmt\color.h">
      <Filter>Header Files</Filter>
    </ClInclude>
    <ClInclude Include="fmt\compile.h">
      <Filter>Header Files</Filter>
    </ClInclude>
    <ClInclude Include="fmt\core.h">
      <Filter>Header Files</Filter>
    </ClInclude>
    <ClInclude Include="fmt\format.h">
      <Filter>Header Files</Filter>
    </ClInclude>
    <ClInclude Include="fmt\format-inl.h">
      <Filter>Header Files</Filter>
    </ClInclude>
    <ClInclude Include="fmt\locale.h">
      <Filter>Header Files</Filter>
    </ClInclude>
    <ClInclude Include="fmt\os.h">
      <Filter>Header Files</Filter>
    </ClInclude>
    <ClInclude Include="fmt\ostream.h">
      <Filter>Header Files</Filter>
    </ClInclude>
    <ClInclude Include="fmt\printf.h">
      <Filter>Header Files</Filter>
    </ClInclude>
    <ClInclude Include="fmt\ranges.h">
      <Filter>Header Files</Filter>
    </ClInclude>
    <ClInclude Include="fmt\xchar.h">
      <Filter>Header Files</Filter>
    </ClInclude>
    <ClInclude Include="shavitstuff\xorstr.h">
      <Filter>Header Files</Filter>
    </ClInclude>
    <ClInclude Include="shavitstuff\res.h">
      <Filter>Header Files</Filter>
    </ClInclude>
    <ClInclude Include="include\wil\com.h">
      <Filter>Header Files</Filter>
    </ClInclude>
    <ClInclude Include="include\wil\com_apartment_variable.h">
      <Filter>Header Files</Filter>
    </ClInclude>
    <ClInclude Include="include\wil\common.h">
      <Filter>Header Files</Filter>
    </ClInclude>
    <ClInclude Include="include\wil\coroutine.h">
      <Filter>Header Files</Filter>
    </ClInclude>
    <ClInclude Include="include\wil\cppwinrt.h">
      <Filter>Header Files</Filter>
    </ClInclude>
    <ClInclude Include="include\wil\cppwinrt_authoring.h">
      <Filter>Header Files</Filter>
    </ClInclude>
    <ClInclude Include="include\wil\cppwinrt_helpers.h">
      <Filter>Header Files</Filter>
    </ClInclude>
    <ClInclude Include="include\wil\cppwinrt_wrl.h">
      <Filter>Header Files</Filter>
    </ClInclude>
    <ClInclude Include="include\wil\filesystem.h">
      <Filter>Header Files</Filter>
    </ClInclude>
    <ClInclude Include="include\wil\nt_result_macros.h">
      <Filter>Header Files</Filter>
    </ClInclude>
    <ClInclude Include="include\wil\registry.h">
      <Filter>Header Files</Filter>
    </ClInclude>
    <ClInclude Include="include\wil\registry_helpers.h">
      <Filter>Header Files</Filter>
    </ClInclude>
    <ClInclude Include="include\wil\resource.h">
      <Filter>Header Files</Filter>
    </ClInclude>
    <ClInclude Include="include\wil\result.h">
      <Filter>Header Files</Filter>
    </ClInclude>
    <ClInclude Include="include\wil\result_macros.h">
      <Filter>Header Files</Filter>
    </ClInclude>
    <ClInclude Include="include\wil\result_originate.h">
      <Filter>Header Files</Filter>
    </ClInclude>
    <ClInclude Include="include\wil\rpc_helpers.h">
      <Filter>Header Files</Filter>
    </ClInclude>
    <ClInclude Include="include\wil\safecast.h">
      <Filter>Header Files</Filter>
    </ClInclude>
    <ClInclude Include="include\wil\stl.h">
      <Filter>Header Files</Filter>
    </ClInclude>
    <ClInclude Include="include\wil\token_helpers.h">
      <Filter>Header Files</Filter>
    </ClInclude>
    <ClInclude Include="include\wil\Tracelogging.h">
      <Filter>Header Files</Filter>
    </ClInclude>
    <ClInclude Include="include\wil\traceloggingconfig.h">
      <Filter>Header Files</Filter>
    </ClInclude>
    <ClInclude Include="include\wil\win32_helpers.h">
      <Filter>Header Files</Filter>
    </ClInclude>
    <ClInclude Include="include\wil\win32_result_macros.h">
      <Filter>Header Files</Filter>
    </ClInclude>
    <ClInclude Include="include\wil\windowing.h">
      <Filter>Header Files</Filter>
    </ClInclude>
    <ClInclude Include="include\wil\winrt.h">
      <Filter>Header Files</Filter>
    </ClInclude>
    <ClInclude Include="include\wil\wistd_config.h">
      <Filter>Header Files</Filter>
    </ClInclude>
    <ClInclude Include="include\wil\wistd_functional.h">
      <Filter>Header Files</Filter>
    </ClInclude>
    <ClInclude Include="include\wil\wistd_memory.h">
      <Filter>Header Files</Filter>
    </ClInclude>
    <ClInclude Include="include\wil\wistd_type_traits.h">
      <Filter>Header Files</Filter>
    </ClInclude>
    <ClInclude Include="include\wil\wrl.h">
      <Filter>Header Files</Filter>
    </ClInclude>
    <ClInclude Include="shavitstuff\lazy_import.h">
      <Filter>Header Files</Filter>
    </ClInclude>
    <ClInclude Include="shavitstuff\otherstuffsmile.h">
      <Filter>Header Files</Filter>
    </ClInclude>
    <ClInclude Include="rulaxStuff.h">
      <Filter>Header Files</Filter>
    </ClInclude>
    <ClInclude Include="moreshit.h">
      <Filter>Header Files</Filter>
    </ClInclude>
    <ClInclude Include="SkillEdits\ActiveSkill.h">
      <Filter>Header Files</Filter>
    </ClInclude>
    <ClInclude Include="INIReader.h">
      <Filter>Header Files</Filter>
    </ClInclude>
    <ClInclude Include="shavitstuff\chair_rel_move.h">
      <Filter>Header Files</Filter>
    </ClInclude>
    <ClInclude Include="shavitstuff\BossHP.h">
      <Filter>Header Files</Filter>
    </ClInclude>
    <ClInclude Include="EzorziaShit.h">
      <Filter>Header Files</Filter>
    </ClInclude>
    <ClInclude Include="SkillEdits\otherstuff.h">
      <Filter>Header Files</Filter>
    </ClInclude>
    <ClInclude Include="SkillEdits\SkillEffects.h">
      <Filter>Header Files</Filter>
    </ClInclude>
    <ClInclude Include="Discord\achievement_manager.h">
      <Filter>Header Files</Filter>
    </ClInclude>
    <ClInclude Include="Discord\activity_manager.h">
      <Filter>Header Files</Filter>
    </ClInclude>
    <ClInclude Include="Discord\application_manager.h">
      <Filter>Header Files</Filter>
    </ClInclude>
    <ClInclude Include="Discord\core.h">
      <Filter>Header Files</Filter>
    </ClInclude>
    <ClInclude Include="Discord\discord.h">
      <Filter>Header Files</Filter>
    </ClInclude>
    <ClInclude Include="Discord\event.h">
      <Filter>Header Files</Filter>
    </ClInclude>
    <ClInclude Include="Discord\ffi.h">
      <Filter>Header Files</Filter>
    </ClInclude>
    <ClInclude Include="Discord\image_manager.h">
      <Filter>Header Files</Filter>
    </ClInclude>
    <ClInclude Include="Discord\lobby_manager.h">
      <Filter>Header Files</Filter>
    </ClInclude>
    <ClInclude Include="Discord\network_manager.h">
      <Filter>Header Files</Filter>
    </ClInclude>
    <ClInclude Include="Discord\overlay_manager.h">
      <Filter>Header Files</Filter>
    </ClInclude>
    <ClInclude Include="Discord\relationship_manager.h">
      <Filter>Header Files</Filter>
    </ClInclude>
    <ClInclude Include="Discord\storage_manager.h">
      <Filter>Header Files</Filter>
    </ClInclude>
    <ClInclude Include="Discord\store_manager.h">
      <Filter>Header Files</Filter>
    </ClInclude>
    <ClInclude Include="Discord\types.h">
      <Filter>Header Files</Filter>
    </ClInclude>
    <ClInclude Include="Discord\user_manager.h">
      <Filter>Header Files</Filter>
    </ClInclude>
    <ClInclude Include="Discord\voice_manager.h">
      <Filter>Header Files</Filter>
    </ClInclude>
    <ClInclude Include="DiscordRichPresence.h">
      <Filter>Header Files</Filter>
    </ClInclude>
    <ClInclude Include="MapleClientCollectionTypes\TSecType.h">
      <Filter>Header Files</Filter>
    </ClInclude>
    <ClInclude Include="MapleClientCollectionTypes\winhook_types.h">
      <Filter>Header Files</Filter>
    </ClInclude>
    <ClInclude Include="MapleClientCollectionTypes\ZAllocAnonSelector.h">
      <Filter>Header Files</Filter>
    </ClInclude>
    <ClInclude Include="MapleClientCollectionTypes\ZAllocBase.h">
      <Filter>Header Files</Filter>
    </ClInclude>
    <ClInclude Include="MapleClientCollectionTypes\ZAllocEx.h">
      <Filter>Header Files</Filter>
    </ClInclude>
    <ClInclude Include="MapleClientCollectionTypes\ZAllocStrSelector.h">
      <Filter>Header Files</Filter>
    </ClInclude>
    <ClInclude Include="MapleClientCollectionTypes\ZArray.h">
      <Filter>Header Files</Filter>
    </ClInclude>
    <ClInclude Include="MapleClientCollectionTypes\ZFatalSection.h">
      <Filter>Header Files</Filter>
    </ClInclude>
    <ClInclude Include="MapleClientCollectionTypes\ZList.h">
      <Filter>Header Files</Filter>
    </ClInclude>
    <ClInclude Include="MapleClientCollectionTypes\ZMap.h">
      <Filter>Header Files</Filter>
    </ClInclude>
    <ClInclude Include="MapleClientCollectionTypes\ZRecyclable.h">
      <Filter>Header Files</Filter>
    </ClInclude>
    <ClInclude Include="MapleClientCollectionTypes\ZRecyclableAvBuffer.h">
      <Filter>Header Files</Filter>
    </ClInclude>
    <ClInclude Include="MapleClientCollectionTypes\ZRecyclableStatic.h">
      <Filter>Header Files</Filter>
    </ClInclude>
    <ClInclude Include="MapleClientCollectionTypes\ZRef.h">
      <Filter>Header Files</Filter>
    </ClInclude>
    <ClInclude Include="MapleClientCollectionTypes\ZRefCounted.h">
      <Filter>Header Files</Filter>
    </ClInclude>
    <ClInclude Include="MapleClientCollectionTypes\ZRefCountedAccessor.h">
      <Filter>Header Files</Filter>
    </ClInclude>
    <ClInclude Include="MapleClientCollectionTypes\ZRefCountedDummy.h">
      <Filter>Header Files</Filter>
    </ClInclude>
    <ClInclude Include="MapleClientCollectionTypes\ZtlSecure.h">
      <Filter>Header Files</Filter>
    </ClInclude>
    <ClInclude Include="SkillEdits\CharacterDataEx.h">
      <Filter>Header Files</Filter>
    </ClInclude>
    <ClInclude Include="API\MapleStory\Type\Additional.h">
      <Filter>Header Files</Filter>
    </ClInclude>
    <ClInclude Include="API\MapleStory\Type\AdditionPsd.h">
      <Filter>Header Files</Filter>
    </ClInclude>
    <ClInclude Include="API\MapleStory\Type\ALLIANCEDATA.h">
      <Filter>Header Files</Filter>
    </ClInclude>
    <ClInclude Include="API\MapleStory\Type\Assert.h">
      <Filter>Header Files</Filter>
    </ClInclude>
    <ClInclude Include="API\MapleStory\Type\BasicStat.h">
      <Filter>Header Files</Filter>
    </ClInclude>
    <ClInclude Include="API\MapleStory\Type\CharacterData.h">
      <Filter>Header Files</Filter>
    </ClInclude>
    <ClInclude Include="API\MapleStory\Type\CInPacket.h">
      <Filter>Header Files</Filter>
    </ClInclude>
    <ClInclude Include="API\MapleStory\Type\CMobTemplate.h">
      <Filter>Header Files</Filter>
    </ClInclude>
    <ClInclude Include="API\MapleStory\Type\CRand32.h">
      <Filter>Header Files</Filter>
    </ClInclude>
    <ClInclude Include="API\MapleStory\Type\CRTTI.h">
      <Filter>Header Files</Filter>
    </ClInclude>
    <ClInclude Include="API\MapleStory\Type\CUser.h">
      <Filter>Header Files</Filter>
    </ClInclude>
    <ClInclude Include="API\MapleStory\Type\FUNCKEY_MAPPED.h">
      <Filter>Header Files</Filter>
    </ClInclude>
    <ClInclude Include="API\MapleStory\Type\GW_CharacterStat.h">
      <Filter>Header Files</Filter>
    </ClInclude>
    <ClInclude Include="API\MapleStory\Type\IUnknown.h">
      <Filter>Header Files</Filter>
    </ClInclude>
    <ClInclude Include="API\MapleStory\Type\MobStat.h">
      <Filter>Header Files</Filter>
    </ClInclude>
    <ClInclude Include="API\MapleStory\Type\PassiveSkillData.h">
      <Filter>Header Files</Filter>
    </ClInclude>
    <ClInclude Include="API\MapleStory\Type\SE_TYPE.h">
      <Filter>Header Files</Filter>
    </ClInclude>
    <ClInclude Include="API\MapleStory\Type\SecondaryStat.h">
      <Filter>Header Files</Filter>
    </ClInclude>
    <ClInclude Include="API\MapleStory\Type\SECPOINT.h">
      <Filter>Header Files</Filter>
    </ClInclude>
    <ClInclude Include="API\MapleStory\Type\SECRECT.h">
      <Filter>Header Files</Filter>
    </ClInclude>
    <ClInclude Include="API\MapleStory\Type\SKILLENTRY.h">
      <Filter>Header Files</Filter>
    </ClInclude>
    <ClInclude Include="API\MapleStory\Type\SKILLLEVELDATA.h">
      <Filter>Header Files</Filter>
    </ClInclude>
    <ClInclude Include="API\MapleStory\Type\TSingleton.h">
      <Filter>Header Files</Filter>
    </ClInclude>
    <ClInclude Include="API\MapleStory\Type\WeaponType.h">
      <Filter>Header Files</Filter>
    </ClInclude>
    <ClInclude Include="API\MapleStory\Type\ZArray.h">
      <Filter>Header Files</Filter>
    </ClInclude>
    <ClInclude Include="API\MapleStory\Type\ZList.h">
      <Filter>Header Files</Filter>
    </ClInclude>
    <ClInclude Include="API\MapleStory\Type\ZMap.h">
      <Filter>Header Files</Filter>
    </ClInclude>
    <ClInclude Include="API\MapleStory\Type\ZRef.h">
      <Filter>Header Files</Filter>
    </ClInclude>
    <ClInclude Include="API\MapleStory\Type\ZRefCounted.h">
      <Filter>Header Files</Filter>
    </ClInclude>
    <ClInclude Include="API\MapleStory\Type\ZtlSecure.h">
      <Filter>Header Files</Filter>
    </ClInclude>
    <ClInclude Include="API\MapleStory\Type\ZXString.h">
      <Filter>Header Files</Filter>
    </ClInclude>
    <ClInclude Include="MapleClientCollectionTypes\CInPacket.h">
      <Filter>Header Files</Filter>
    </ClInclude>
    <ClInclude Include="SkillEdits\formulas.h">
      <Filter>Header Files</Filter>
    </ClInclude>
    <ClInclude Include="HackStuff\loginstuff.h">
      <Filter>Header Files</Filter>
    </ClInclude>
    <ClInclude Include="HackStuff\PacketNew.h">
      <Filter>Header Files</Filter>
    </ClInclude>
  </ItemGroup>
  <ItemGroup>
    <None Include="packages.config" />
    <None Include="discord_game_sdk.dll" />
  </ItemGroup>
  <ItemGroup>
    <Library Include="discord_game_sdk.dll.lib" />
  </ItemGroup>
</Project>